
Microsoft Visual Studio Solution File, Format Version 12.00
# Visual Studio Version 16
VisualStudioVersion = 16.0.31105.61
MinimumVisualStudioVersion = 10.0.40219.1
Project("{FAE04EC0-301F-11D3-BF4B-00C04F79EFBC}") = "WebApplication5", "WebApplication5\WebApplication5.csproj", "{BA066FCD-9EE7-447B-8DA3-85930B32C35A}"
EndProject
Global
	GlobalSection(SolutionConfigurationPlatforms) = preSolution
		Debug|Any CPU = Debug|Any CPU
		Release|Any CPU = Release|Any CPU
	EndGlobalSection
	GlobalSection(ProjectConfigurationPlatforms) = postSolution
		{BA066FCD-9EE7-447B-8DA3-85930B32C35A}.Debug|Any CPU.ActiveCfg = Debug|Any CPU
		{BA066FCD-9EE7-447B-8DA3-85930B32C35A}.Debug|Any CPU.Build.0 = Debug|Any CPU
		{BA066FCD-9EE7-447B-8DA3-85930B32C35A}.Release|Any CPU.ActiveCfg = Release|Any CPU
		{BA066FCD-9EE7-447B-8DA3-85930B32C35A}.Release|Any CPU.Build.0 = Release|Any CPU
	EndGlobalSection
	GlobalSection(SolutionProperties) = preSolution
		HideSolutionNode = FALSE
	EndGlobalSection
	GlobalSection(ExtensibilityGlobals) = postSolution
		SolutionGuid = {36AB567E-D7BE-46CB-94F7-30D5871D3074}
	EndGlobalSection
EndGlobal
