
Microsoft Visual Studio Solution File, Format Version 12.00
# Visual Studio Version 16
VisualStudioVersion = 16.0.31105.61
MinimumVisualStudioVersion = 10.0.40219.1
Project("{9A19103F-16F7-4668-BE54-9A1E7A4F7556}") = "ArmysalgService", "ArmysalgService\ArmysalgService.csproj", "{BBF0D43E-3A55-4AE0-805B-4B5AC823CCA0}"
EndProject
Project("{FAE04EC0-301F-11D3-BF4B-00C04F79EFBC}") = "SpikeProductData", "SpikeProductData\SpikeProductData.csproj", "{A135B850-3223-4D59-AB79-659DA9B865C2}"
EndProject
Project("{FAE04EC0-301F-11D3-BF4B-00C04F79EFBC}") = "ProductDataTest", "ProductDataTest\ProductDataTest.csproj", "{238BB8AC-6844-4CC9-A1AB-15627C35547D}"
EndProject
Global
	GlobalSection(SolutionConfigurationPlatforms) = preSolution
		Debug|Any CPU = Debug|Any CPU
		Release|Any CPU = Release|Any CPU
	EndGlobalSection
	GlobalSection(ProjectConfigurationPlatforms) = postSolution
		{BBF0D43E-3A55-4AE0-805B-4B5AC823CCA0}.Debug|Any CPU.ActiveCfg = Debug|Any CPU
		{BBF0D43E-3A55-4AE0-805B-4B5AC823CCA0}.Debug|Any CPU.Build.0 = Debug|Any CPU
		{BBF0D43E-3A55-4AE0-805B-4B5AC823CCA0}.Release|Any CPU.ActiveCfg = Release|Any CPU
		{BBF0D43E-3A55-4AE0-805B-4B5AC823CCA0}.Release|Any CPU.Build.0 = Release|Any CPU
		{A135B850-3223-4D59-AB79-659DA9B865C2}.Debug|Any CPU.ActiveCfg = Debug|Any CPU
		{A135B850-3223-4D59-AB79-659DA9B865C2}.Debug|Any CPU.Build.0 = Debug|Any CPU
		{A135B850-3223-4D59-AB79-659DA9B865C2}.Release|Any CPU.ActiveCfg = Release|Any CPU
		{A135B850-3223-4D59-AB79-659DA9B865C2}.Release|Any CPU.Build.0 = Release|Any CPU
		{238BB8AC-6844-4CC9-A1AB-15627C35547D}.Debug|Any CPU.ActiveCfg = Debug|Any CPU
		{238BB8AC-6844-4CC9-A1AB-15627C35547D}.Debug|Any CPU.Build.0 = Debug|Any CPU
		{238BB8AC-6844-4CC9-A1AB-15627C35547D}.Release|Any CPU.ActiveCfg = Release|Any CPU
		{238BB8AC-6844-4CC9-A1AB-15627C35547D}.Release|Any CPU.Build.0 = Release|Any CPU
	EndGlobalSection
	GlobalSection(SolutionProperties) = preSolution
		HideSolutionNode = FALSE
	EndGlobalSection
	GlobalSection(ExtensibilityGlobals) = postSolution
		SolutionGuid = {BE08994F-DF9F-489F-852D-913F391DC277}
	EndGlobalSection
EndGlobal
