
Microsoft Visual Studio Solution File, Format Version 12.00
# Visual Studio Version 16
VisualStudioVersion = 16.0.31105.61
MinimumVisualStudioVersion = 10.0.40219.1
Project("{FAE04EC0-301F-11D3-BF4B-00C04F79EFBC}") = "ArmysalgClientWeb", "ArmysalgClientWeb\ArmysalgClientWeb.csproj", "{0F0AA79C-9897-42D6-8810-956BA9E69F19}"
EndProject
Global
	GlobalSection(SolutionConfigurationPlatforms) = preSolution
		Debug|Any CPU = Debug|Any CPU
		Release|Any CPU = Release|Any CPU
	EndGlobalSection
	GlobalSection(ProjectConfigurationPlatforms) = postSolution
		{0F0AA79C-9897-42D6-8810-956BA9E69F19}.Debug|Any CPU.ActiveCfg = Debug|Any CPU
		{0F0AA79C-9897-42D6-8810-956BA9E69F19}.Debug|Any CPU.Build.0 = Debug|Any CPU
		{0F0AA79C-9897-42D6-8810-956BA9E69F19}.Release|Any CPU.ActiveCfg = Release|Any CPU
		{0F0AA79C-9897-42D6-8810-956BA9E69F19}.Release|Any CPU.Build.0 = Release|Any CPU
	EndGlobalSection
	GlobalSection(SolutionProperties) = preSolution
		HideSolutionNode = FALSE
	EndGlobalSection
	GlobalSection(ExtensibilityGlobals) = postSolution
		SolutionGuid = {2D9CE247-DF8D-4B85-BC34-62126DBF7563}
	EndGlobalSection
EndGlobal
